<?xml version="1.0" encoding="utf-8"?>
<Project ToolsVersion="4.0" xmlns="http://schemas.microsoft.com/developer/msbuild/2003">
  <ItemGroup>
    <Filter Include="Source files">
      <UniqueIdentifier>{b292c0a9-1a04-45c5-9019-22c64ec48228}</UniqueIdentifier>
      <Extensions>cpp;c;cc;cxx;def;odl;idl;hpj;bat;asm;asmx</Extensions>
    </Filter>
    <Filter Include="Header files">
      <UniqueIdentifier>{f63e2d57-c14d-4174-9395-1841f1199140}</UniqueIdentifier>
      <Extensions>h;hpp;hxx;hm;inl;inc;xsd</Extensions>
    </Filter>
    <Filter Include="Resource files">
      <UniqueIdentifier>{b0fdba23-7c67-49a8-96b4-0633eb0e3ab0}</UniqueIdentifier>
      <Extensions>rc;ico;cur;bmp;dlg;rc2;rct;bin;rgs;gif;jpg;jpeg;jpe;resx;tiff;tif;png;wav</Extensions>
    </Filter>
    <Filter Include="Source files\USER">
      <UniqueIdentifier>{e20ff978-1744-49a9-9a4f-5a1c413de151}</UniqueIdentifier>
    </Filter>
    <Filter Include="Source files\SYSTEM">
      <UniqueIdentifier>{0deefa18-eda2-4543-91e2-f4876d2bc817}</UniqueIdentifier>
    </Filter>
    <Filter Include="Source files\CORE">
      <UniqueIdentifier>{6f7e7fd1-1a63-458f-bf35-096473472f4c}</UniqueIdentifier>
    </Filter>
    <Filter Include="Source files\FWLIB">
      <UniqueIdentifier>{10679e7a-edce-4b68-849e-929fcf0c40bc}</UniqueIdentifier>
    </Filter>
    <Filter Include="Source files\HARDWARE">
      <UniqueIdentifier>{f6981876-b661-4b3e-ba0d-8740ec043702}</UniqueIdentifier>
    </Filter>
    <Filter Include="Source files\USMART">
      <UniqueIdentifier>{a7779e47-d12f-48de-970d-e8f6f3cba5a9}</UniqueIdentifier>
    </Filter>
    <Filter Include="Source files\MALLOC">
      <UniqueIdentifier>{ef8a2816-19bc-47d0-bc82-179b41258416}</UniqueIdentifier>
    </Filter>
    <Filter Include="Source files\FATFS">
      <UniqueIdentifier>{313360e5-9d84-4bd6-a8f7-8be27d02b025}</UniqueIdentifier>
    </Filter>
    <Filter Include="Source files\TEXT">
      <UniqueIdentifier>{3d9f19ad-9e4a-4357-89d0-a0b5141f05af}</UniqueIdentifier>
    </Filter>
    <Filter Include="Source files\PICTURE">
      <UniqueIdentifier>{01bc6259-ce53-4008-8804-a3d52ff809b3}</UniqueIdentifier>
    </Filter>
    <Filter Include="Source files\APP">
      <UniqueIdentifier>{6d5be2bd-7bbc-4f4d-b510-2af08ba84f11}</UniqueIdentifier>
    </Filter>
    <Filter Include="Source files\GUI">
      <UniqueIdentifier>{ebe7ced2-e4b4-475c-ba24-779f5b3cfdb8}</UniqueIdentifier>
    </Filter>
    <Filter Include="Source files\UCOSII-CORE">
      <UniqueIdentifier>{4681564a-2523-482e-b305-8580d8bac0a6}</UniqueIdentifier>
    </Filter>
    <Filter Include="Source files\UCOSII-PORT">
      <UniqueIdentifier>{1e76d576-8530-4798-9c28-c7dc95c48ea3}</UniqueIdentifier>
    </Filter>
    <Filter Include="Source files\UCOSII-CONFIG">
      <UniqueIdentifier>{39d0feb5-86bc-4e74-8d2b-cdc9465db729}</UniqueIdentifier>
    </Filter>
    <Filter Include="Source files\AUDIOCODEC">
      <UniqueIdentifier>{3ab932de-f86e-42fa-bc48-45cdd0d32cfb}</UniqueIdentifier>
    </Filter>
    <Filter Include="Source files\NES">
      <UniqueIdentifier>{43ccaeb8-7f7a-4c67-8e70-32d18885e9c7}</UniqueIdentifier>
    </Filter>
    <Filter Include="Source files\T9INPUT">
      <UniqueIdentifier>{a0887f92-4bb3-4030-8270-be14f50ce3f6}</UniqueIdentifier>
    </Filter>
    <Filter Include="Source files\ATKNCR">
      <UniqueIdentifier>{26a6db01-5774-4528-8bc7-e1a7566e560b}</UniqueIdentifier>
    </Filter>
    <Filter Include="Source files\USB_CORE">
      <UniqueIdentifier>{8c9f8d8e-1578-4dc3-b0a1-58205dcd56af}</UniqueIdentifier>
    </Filter>
    <Filter Include="Source files\USB_CONFIG">
      <UniqueIdentifier>{cfb12b9b-5753-4a0a-8281-8dd617f85b04}</UniqueIdentifier>
    </Filter>
    <Filter Include="Source files\LWIP_APP">
      <UniqueIdentifier>{8577b60f-0931-45ed-9e4c-b2deef84b938}</UniqueIdentifier>
    </Filter>
    <Filter Include="Source files\LWIP_NETIF">
      <UniqueIdentifier>{e947f282-ee51-41db-91a7-7119db1f2277}</UniqueIdentifier>
    </Filter>
    <Filter Include="Source files\LWIP_CORE">
      <UniqueIdentifier>{3c14aa85-2802-499e-b747-ddde6b281786}</UniqueIdentifier>
    </Filter>
    <Filter Include="Source files\LWIP_ARCH">
      <UniqueIdentifier>{12b7c26e-6c7b-43c2-9465-56f830fc09ce}</UniqueIdentifier>
    </Filter>
    <Filter Include="Source files\LWIP_API">
      <UniqueIdentifier>{9a5db191-e024-4ad3-b9c6-f03ee153247c}</UniqueIdentifier>
    </Filter>
    <Filter Include="Source files\README">
      <UniqueIdentifier>{3939fbd6-752e-4a6b-9505-a3209f0906a8}</UniqueIdentifier>
    </Filter>
    <Filter Include="Source files\Device-specific files">
      <UniqueIdentifier>{c1f5b251-e962-4c6c-9940-b961af21dae0}</UniqueIdentifier>
    </Filter>
    <Filter Include="Header files\USER">
      <UniqueIdentifier>{2104d98a-1118-4cad-92fd-17a089c9fda4}</UniqueIdentifier>
    </Filter>
    <Filter Include="Header files\SYSTEM">
      <UniqueIdentifier>{80453b66-76b2-4b22-88dc-16ab5c69dd46}</UniqueIdentifier>
    </Filter>
    <Filter Include="Header files\CORE">
      <UniqueIdentifier>{d5d33a38-86a7-4413-bf27-034c6616966c}</UniqueIdentifier>
    </Filter>
    <Filter Include="Header files\FWLIB">
      <UniqueIdentifier>{2eb5e738-263a-4674-baf6-d647ffcda186}</UniqueIdentifier>
    </Filter>
    <Filter Include="Header files\HARDWARE">
      <UniqueIdentifier>{c52bda0d-982e-4e7d-a4b1-5686b70b81b3}</UniqueIdentifier>
    </Filter>
    <Filter Include="Header files\USMART">
      <UniqueIdentifier>{14782442-d2bb-43be-ab32-0c19c8a437e4}</UniqueIdentifier>
    </Filter>
    <Filter Include="Header files\MALLOC">
      <UniqueIdentifier>{2c7f4097-daf9-41dc-98d2-d7c03871f8ee}</UniqueIdentifier>
    </Filter>
    <Filter Include="Header files\FATFS">
      <UniqueIdentifier>{d7d2bbc0-7fc7-4696-bb27-8df0b25a02ea}</UniqueIdentifier>
    </Filter>
    <Filter Include="Header files\TEXT">
      <UniqueIdentifier>{c1dc08fb-9a7c-4963-9768-0bdce9956a0a}</UniqueIdentifier>
    </Filter>
    <Filter Include="Header files\PICTURE">
      <UniqueIdentifier>{f9c1d32d-0b0b-4a70-be81-98c719a42ea4}</UniqueIdentifier>
    </Filter>
    <Filter Include="Header files\APP">
      <UniqueIdentifier>{c994f9d0-91b2-4805-b43d-94bf4df2353a}</UniqueIdentifier>
    </Filter>
    <Filter Include="Header files\GUI">
      <UniqueIdentifier>{3406386c-f6ca-4fbb-adde-ff2d940c3395}</UniqueIdentifier>
    </Filter>
    <Filter Include="Header files\UCOSII-CORE">
      <UniqueIdentifier>{787def01-4540-4344-9811-bce5d84a7633}</UniqueIdentifier>
    </Filter>
    <Filter Include="Header files\UCOSII-PORT">
      <UniqueIdentifier>{6132bade-85ef-4cbd-8ded-04d25524363a}</UniqueIdentifier>
    </Filter>
    <Filter Include="Header files\UCOSII-CONFIG">
      <UniqueIdentifier>{8ddc9aee-588b-4ee4-af97-d8b5a0a7df86}</UniqueIdentifier>
    </Filter>
    <Filter Include="Header files\AUDIOCODEC">
      <UniqueIdentifier>{9bab8fb2-d7be-48ac-8179-df9f0a0d0581}</UniqueIdentifier>
    </Filter>
    <Filter Include="Header files\NES">
      <UniqueIdentifier>{ed2e324e-46c3-4f29-bc52-b255b0df485d}</UniqueIdentifier>
    </Filter>
    <Filter Include="Header files\T9INPUT">
      <UniqueIdentifier>{723adc9d-b946-4353-83de-4928a74f6b4f}</UniqueIdentifier>
    </Filter>
    <Filter Include="Header files\ATKNCR">
      <UniqueIdentifier>{d29429a6-78a0-4efb-b6c3-db4edb74ab1a}</UniqueIdentifier>
    </Filter>
    <Filter Include="Header files\USB_CORE">
      <UniqueIdentifier>{2ca1ffac-ec64-4abe-88f0-b5bdc0850986}</UniqueIdentifier>
    </Filter>
    <Filter Include="Header files\USB_CONFIG">
      <UniqueIdentifier>{ae774e6f-0ec9-425c-995c-a2e58c7ab534}</UniqueIdentifier>
    </Filter>
    <Filter Include="Header files\LWIP_APP">
      <UniqueIdentifier>{7e22bb49-8969-4f93-b835-5997749ab6c3}</UniqueIdentifier>
    </Filter>
    <Filter Include="Header files\LWIP_NETIF">
      <UniqueIdentifier>{920caf09-28d8-47a1-be1c-ae58cef279ed}</UniqueIdentifier>
    </Filter>
    <Filter Include="Header files\LWIP_CORE">
      <UniqueIdentifier>{371c347a-a18a-494d-984c-a4eae4ada94c}</UniqueIdentifier>
    </Filter>
    <Filter Include="Header files\LWIP_ARCH">
      <UniqueIdentifier>{66268afa-4130-4758-86ff-1c09774632cd}</UniqueIdentifier>
    </Filter>
    <Filter Include="Header files\LWIP_API">
      <UniqueIdentifier>{9fb509be-f3a2-4b44-afe4-6164ff61c317}</UniqueIdentifier>
    </Filter>
    <Filter Include="Header files\README">
      <UniqueIdentifier>{e5c6aceb-b6b7-49a7-b96c-9efec844df46}</UniqueIdentifier>
    </Filter>
    <Filter Include="Header files\Device-specific files">
      <UniqueIdentifier>{5069180b-de83-4cda-aa27-8f7b3657e040}</UniqueIdentifier>
    </Filter>
    <Filter Include="VisualGDB settings">
      <UniqueIdentifier>{a2564e62-e0a2-4467-a682-1ba7605430e0}</UniqueIdentifier>
    </Filter>
  </ItemGroup>
  <ItemGroup>
    <ClCompile Include="..\..\..\..\USER\main.c">
      <Filter>Source files\USER</Filter>
    </ClCompile>
    <ClCompile Include="..\..\..\..\USER\system_stm32f10x.c">
      <Filter>Source files\USER</Filter>
    </ClCompile>
    <ClCompile Include="..\..\..\..\SYSTEM\delay\delay.c">
      <Filter>Source files\SYSTEM</Filter>
    </ClCompile>
    <ClCompile Include="..\..\..\..\SYSTEM\sys\sys.c">
      <Filter>Source files\SYSTEM</Filter>
    </ClCompile>
    <ClCompile Include="..\..\..\..\SYSTEM\usart\usart.c">
      <Filter>Source files\SYSTEM</Filter>
    </ClCompile>
    <ClCompile Include="..\..\..\..\CORE\core_cm3.c">
      <Filter>Source files\CORE</Filter>
    </ClCompile>
    <ClCompile Include="..\..\..\..\CORE\startup_stm32f10x_hd.s">
      <Filter>Source files\CORE</Filter>
    </ClCompile>
    <ClCompile Include="..\..\..\..\STM32F10x_FWLib\src\misc.c">
      <Filter>Source files\FWLIB</Filter>
    </ClCompile>
    <ClCompile Include="..\..\..\..\STM32F10x_FWLib\src\stm32f10x_adc.c">
      <Filter>Source files\FWLIB</Filter>
    </ClCompile>
    <ClCompile Include="..\..\..\..\STM32F10x_FWLib\src\stm32f10x_bkp.c">
      <Filter>Source files\FWLIB</Filter>
    </ClCompile>
    <ClCompile Include="..\..\..\..\STM32F10x_FWLib\src\stm32f10x_can.c">
      <Filter>Source files\FWLIB</Filter>
    </ClCompile>
    <ClCompile Include="..\..\..\..\STM32F10x_FWLib\src\stm32f10x_cec.c">
      <Filter>Source files\FWLIB</Filter>
    </ClCompile>
    <ClCompile Include="..\..\..\..\STM32F10x_FWLib\src\stm32f10x_crc.c">
      <Filter>Source files\FWLIB</Filter>
    </ClCompile>
    <ClCompile Include="..\..\..\..\STM32F10x_FWLib\src\stm32f10x_dac.c">
      <Filter>Source files\FWLIB</Filter>
    </ClCompile>
    <ClCompile Include="..\..\..\..\STM32F10x_FWLib\src\stm32f10x_dbgmcu.c">
      <Filter>Source files\FWLIB</Filter>
    </ClCompile>
    <ClCompile Include="..\..\..\..\STM32F10x_FWLib\src\stm32f10x_dma.c">
      <Filter>Source files\FWLIB</Filter>
    </ClCompile>
    <ClCompile Include="..\..\..\..\STM32F10x_FWLib\src\stm32f10x_exti.c">
      <Filter>Source files\FWLIB</Filter>
    </ClCompile>
    <ClCompile Include="..\..\..\..\STM32F10x_FWLib\src\stm32f10x_flash.c">
      <Filter>Source files\FWLIB</Filter>
    </ClCompile>
    <ClCompile Include="..\..\..\..\STM32F10x_FWLib\src\stm32f10x_fsmc.c">
      <Filter>Source files\FWLIB</Filter>
    </ClCompile>
    <ClCompile Include="..\..\..\..\STM32F10x_FWLib\src\stm32f10x_gpio.c">
      <Filter>Source files\FWLIB</Filter>
    </ClCompile>
    <ClCompile Include="..\..\..\..\STM32F10x_FWLib\src\stm32f10x_i2c.c">
      <Filter>Source files\FWLIB</Filter>
    </ClCompile>
    <ClCompile Include="..\..\..\..\STM32F10x_FWLib\src\stm32f10x_iwdg.c">
      <Filter>Source files\FWLIB</Filter>
    </ClCompile>
    <ClCompile Include="..\..\..\..\STM32F10x_FWLib\src\stm32f10x_pwr.c">
      <Filter>Source files\FWLIB</Filter>
    </ClCompile>
    <ClCompile Include="..\..\..\..\STM32F10x_FWLib\src\stm32f10x_rcc.c">
      <Filter>Source files\FWLIB</Filter>
    </ClCompile>
    <ClCompile Include="..\..\..\..\STM32F10x_FWLib\src\stm32f10x_rtc.c">
      <Filter>Source files\FWLIB</Filter>
    </ClCompile>
    <ClCompile Include="..\..\..\..\STM32F10x_FWLib\src\stm32f10x_sdio.c">
      <Filter>Source files\FWLIB</Filter>
    </ClCompile>
    <ClCompile Include="..\..\..\..\STM32F10x_FWLib\src\stm32f10x_spi.c">
      <Filter>Source files\FWLIB</Filter>
    </ClCompile>
    <ClCompile Include="..\..\..\..\STM32F10x_FWLib\src\stm32f10x_tim.c">
      <Filter>Source files\FWLIB</Filter>
    </ClCompile>
    <ClCompile Include="..\..\..\..\STM32F10x_FWLib\src\stm32f10x_usart.c">
      <Filter>Source files\FWLIB</Filter>
    </ClCompile>
    <ClCompile Include="..\..\..\..\STM32F10x_FWLib\src\stm32f10x_wwdg.c">
      <Filter>Source files\FWLIB</Filter>
    </ClCompile>
    <ClCompile Include="..\..\..\..\HARDWARE\LED\led.c">
      <Filter>Source files\HARDWARE</Filter>
    </ClCompile>
    <ClCompile Include="..\..\..\..\HARDWARE\KEY\key.c">
      <Filter>Source files\HARDWARE</Filter>
    </ClCompile>
    <ClCompile Include="..\..\..\..\HARDWARE\BEEP\beep.c">
      <Filter>Source files\HARDWARE</Filter>
    </ClCompile>
    <ClCompile Include="..\..\..\..\HARDWARE\LCD\lcd.c">
      <Filter>Source files\HARDWARE</Filter>
    </ClCompile>
    <ClCompile Include="..\..\..\..\HARDWARE\TPAD\tpad.c">
      <Filter>Source files\HARDWARE</Filter>
    </ClCompile>
    <ClCompile Include="..\..\..\..\HARDWARE\EXTI\exti.c">
      <Filter>Source files\HARDWARE</Filter>
    </ClCompile>
    <ClCompile Include="..\..\..\..\HARDWARE\SDIO\sdio_sdcard.c">
      <Filter>Source files\HARDWARE</Filter>
    </ClCompile>
    <ClCompile Include="..\..\..\..\HARDWARE\SPI\spi.c">
      <Filter>Source files\HARDWARE</Filter>
    </ClCompile>
    <ClCompile Include="..\..\..\..\HARDWARE\W25QXX\w25qxx.c">
      <Filter>Source files\HARDWARE</Filter>
    </ClCompile>
    <ClCompile Include="..\..\..\..\HARDWARE\VS10XX\vs10xx.c">
      <Filter>Source files\HARDWARE</Filter>
    </ClCompile>
    <ClCompile Include="..\..\..\..\HARDWARE\DS18B20\ds18b20.c">
      <Filter>Source files\HARDWARE</Filter>
    </ClCompile>
    <ClCompile Include="..\..\..\..\HARDWARE\JOYPAD\joypad.c">
      <Filter>Source files\HARDWARE</Filter>
    </ClCompile>
    <ClCompile Include="..\..\..\..\HARDWARE\LSENS\lsens.c">
      <Filter>Source files\HARDWARE</Filter>
    </ClCompile>
    <ClCompile Include="..\..\..\..\HARDWARE\SPBLCD\spblcd.c">
      <Filter>Source files\HARDWARE</Filter>
    </ClCompile>
    <ClCompile Include="..\..\..\..\HARDWARE\TIMER\timer.c">
      <Filter>Source files\HARDWARE</Filter>
    </ClCompile>
    <ClCompile Include="..\..\..\..\HARDWARE\ADC\adc.c">
      <Filter>Source files\HARDWARE</Filter>
    </ClCompile>
    <ClCompile Include="..\..\..\..\HARDWARE\TOUCH\ctiic.c">
      <Filter>Source files\HARDWARE</Filter>
    </ClCompile>
    <ClCompile Include="..\..\..\..\HARDWARE\TOUCH\ft5206.c">
      <Filter>Source files\HARDWARE</Filter>
    </ClCompile>
    <ClCompile Include="..\..\..\..\HARDWARE\TOUCH\gt9147.c">
      <Filter>Source files\HARDWARE</Filter>
    </ClCompile>
    <ClCompile Include="..\..\..\..\HARDWARE\TOUCH\ott2001a.c">
      <Filter>Source files\HARDWARE</Filter>
    </ClCompile>
    <ClCompile Include="..\..\..\..\HARDWARE\TOUCH\touch.c">
      <Filter>Source files\HARDWARE</Filter>
    </ClCompile>
    <ClCompile Include="..\..\..\..\HARDWARE\24CXX\24cxx.c">
      <Filter>Source files\HARDWARE</Filter>
    </ClCompile>
    <ClCompile Include="..\..\..\..\HARDWARE\24CXX\myiic.c">
      <Filter>Source files\HARDWARE</Filter>
    </ClCompile>
    <ClCompile Include="..\..\..\..\HARDWARE\SRAM\sram.c">
      <Filter>Source files\HARDWARE</Filter>
    </ClCompile>
    <ClCompile Include="..\..\..\..\HARDWARE\RTC\rtc.c">
      <Filter>Source files\HARDWARE</Filter>
    </ClCompile>
    <ClCompile Include="..\..\..\..\HARDWARE\OV7670\ov7670.c">
      <Filter>Source files\HARDWARE</Filter>
    </ClCompile>
    <ClCompile Include="..\..\..\..\HARDWARE\OV7670\sccb.c">
      <Filter>Source files\HARDWARE</Filter>
    </ClCompile>
    <ClCompile Include="..\..\..\..\HARDWARE\NRF24L01\24l01.c">
      <Filter>Source files\HARDWARE</Filter>
    </ClCompile>
    <ClCompile Include="..\..\..\..\HARDWARE\USART3\usart3.c">
      <Filter>Source files\HARDWARE</Filter>
    </ClCompile>
    <ClCompile Include="..\..\..\..\HARDWARE\SIM900A\sim900a.c">
      <Filter>Source files\HARDWARE</Filter>
    </ClCompile>
    <ClCompile Include="..\..\..\..\HARDWARE\REMOTE\remote.c">
      <Filter>Source files\HARDWARE</Filter>
    </ClCompile>
    <ClCompile Include="..\..\..\..\HARDWARE\MPU6050\mpu6050.c">
      <Filter>Source files\HARDWARE</Filter>
    </ClCompile>
    <ClCompile Include="..\..\..\..\HARDWARE\MPU6050\mpuiic.c">
      <Filter>Source files\HARDWARE</Filter>
    </ClCompile>
    <ClCompile Include="..\..\..\..\HARDWARE\MPU6050\eMPL\inv_mpu.c">
      <Filter>Source files\HARDWARE</Filter>
    </ClCompile>
    <ClCompile Include="..\..\..\..\HARDWARE\MPU6050\eMPL\inv_mpu_dmp_motion_driver.c">
      <Filter>Source files\HARDWARE</Filter>
    </ClCompile>
    <ClCompile Include="..\..\..\..\HARDWARE\DM9000\dm9000.c">
      <Filter>Source files\HARDWARE</Filter>
    </ClCompile>
    <ClCompile Include="..\..\..\..\USMART\usmart.c">
      <Filter>Source files\USMART</Filter>
    </ClCompile>
    <ClCompile Include="..\..\..\..\USMART\usmart_config.c">
      <Filter>Source files\USMART</Filter>
    </ClCompile>
    <ClCompile Include="..\..\..\..\USMART\usmart_str.c">
      <Filter>Source files\USMART</Filter>
    </ClCompile>
    <ClCompile Include="..\..\..\..\MALLOC\malloc.c">
      <Filter>Source files\MALLOC</Filter>
    </ClCompile>
    <ClCompile Include="..\..\..\..\FATFS\src\diskio.c">
      <Filter>Source files\FATFS</Filter>
    </ClCompile>
    <ClCompile Include="..\..\..\..\FATFS\src\ff.c">
      <Filter>Source files\FATFS</Filter>
    </ClCompile>
    <ClCompile Include="..\..\..\..\FATFS\exfuns\exfuns.c">
      <Filter>Source files\FATFS</Filter>
    </ClCompile>
    <ClCompile Include="..\..\..\..\FATFS\exfuns\fattester.c">
      <Filter>Source files\FATFS</Filter>
    </ClCompile>
    <ClCompile Include="..\..\..\..\FATFS\exfuns\mycc936.c">
      <Filter>Source files\FATFS</Filter>
    </ClCompile>
    <ClCompile Include="..\..\..\..\TEXT\fontupd.c">
      <Filter>Source files\TEXT</Filter>
    </ClCompile>
    <ClCompile Include="..\..\..\..\TEXT\text.c">
      <Filter>Source files\TEXT</Filter>
    </ClCompile>
    <ClCompile Include="..\..\..\..\PICTURE\bmp.c">
      <Filter>Source files\PICTURE</Filter>
    </ClCompile>
    <ClCompile Include="..\..\..\..\PICTURE\gif.c">
      <Filter>Source files\PICTURE</Filter>
    </ClCompile>
    <ClCompile Include="..\..\..\..\PICTURE\piclib.c">
      <Filter>Source files\PICTURE</Filter>
    </ClCompile>
    <ClCompile Include="..\..\..\..\PICTURE\tjpgd.c">
      <Filter>Source files\PICTURE</Filter>
    </ClCompile>
    <ClCompile Include="..\..\..\..\APP\common.c">
      <Filter>Source files\APP</Filter>
    </ClCompile>
    <ClCompile Include="..\..\..\..\APP\spb.c">
      <Filter>Source files\APP</Filter>
    </ClCompile>
    <ClCompile Include="..\..\..\..\APP\ebook.c">
      <Filter>Source files\APP</Filter>
    </ClCompile>
    <ClCompile Include="..\..\..\..\APP\picviewer.c">
      <Filter>Source files\APP</Filter>
    </ClCompile>
    <ClCompile Include="..\..\..\..\APP\audioplay.c">
      <Filter>Source files\APP</Filter>
    </ClCompile>
    <ClCompile Include="..\..\..\..\APP\lyric.c">
      <Filter>Source files\APP</Filter>
    </ClCompile>
    <ClCompile Include="..\..\..\..\APP\calendar.c">
      <Filter>Source files\APP</Filter>
    </ClCompile>
    <ClCompile Include="..\..\..\..\APP\settings.c">
      <Filter>Source files\APP</Filter>
    </ClCompile>
    <ClCompile Include="..\..\..\..\APP\nesplay.c">
      <Filter>Source files\APP</Filter>
    </ClCompile>
    <ClCompile Include="..\..\..\..\APP\notepad.c">
      <Filter>Source files\APP</Filter>
    </ClCompile>
    <ClCompile Include="..\..\..\..\APP\paint.c">
      <Filter>Source files\APP</Filter>
    </ClCompile>
    <ClCompile Include="..\..\..\..\APP\recorder.c">
      <Filter>Source files\APP</Filter>
    </ClCompile>
    <ClCompile Include="..\..\..\..\APP\tomcatplay.c">
      <Filter>Source files\APP</Filter>
    </ClCompile>
    <ClCompile Include="..\..\..\..\APP\exeplay.c">
      <Filter>Source files\APP</Filter>
    </ClCompile>
    <ClCompile Include="..\..\..\..\APP\camera.c">
      <Filter>Source files\APP</Filter>
    </ClCompile>
    <ClCompile Include="..\..\..\..\APP\usbplay.c">
      <Filter>Source files\APP</Filter>
    </ClCompile>
    <ClCompile Include="..\..\..\..\APP\netplay.c">
      <Filter>Source files\APP</Filter>
    </ClCompile>
    <ClCompile Include="..\..\..\..\APP\calculator.c">
      <Filter>Source files\APP</Filter>
    </ClCompile>
    <ClCompile Include="..\..\..\..\APP\wirelessplay.c">
      <Filter>Source files\APP</Filter>
    </ClCompile>
    <ClCompile Include="..\..\..\..\APP\phoneplay.c">
      <Filter>Source files\APP</Filter>
    </ClCompile>
    <ClCompile Include="..\..\..\..\APP\smsplay.c">
      <Filter>Source files\APP</Filter>
    </ClCompile>
    <ClCompile Include="..\..\..\..\APP\appplay.c">
      <Filter>Source files\APP</Filter>
    </ClCompile>
    <ClCompile Include="..\..\..\..\APP\appplay_remote.c">
      <Filter>Source files\APP</Filter>
    </ClCompile>
    <ClCompile Include="..\..\..\..\APP\appplay_gyro.c">
      <Filter>Source files\APP</Filter>
    </ClCompile>
    <ClCompile Include="..\..\..\..\GUI\button.c">
      <Filter>Source files\GUI</Filter>
    </ClCompile>
    <ClCompile Include="..\..\..\..\GUI\edit.c">
      <Filter>Source files\GUI</Filter>
    </ClCompile>
    <ClCompile Include="..\..\..\..\GUI\filelistbox.c">
      <Filter>Source files\GUI</Filter>
    </ClCompile>
    <ClCompile Include="..\..\..\..\GUI\gui.c">
      <Filter>Source files\GUI</Filter>
    </ClCompile>
    <ClCompile Include="..\..\..\..\GUI\listbox.c">
      <Filter>Source files\GUI</Filter>
    </ClCompile>
    <ClCompile Include="..\..\..\..\GUI\memo.c">
      <Filter>Source files\GUI</Filter>
    </ClCompile>
    <ClCompile Include="..\..\..\..\GUI\progressbar.c">
      <Filter>Source files\GUI</Filter>
    </ClCompile>
    <ClCompile Include="..\..\..\..\GUI\scrollbar.c">
      <Filter>Source files\GUI</Filter>
    </ClCompile>
    <ClCompile Include="..\..\..\..\GUI\window.c">
      <Filter>Source files\GUI</Filter>
    </ClCompile>
    <ClCompile Include="..\..\..\..\UCOSII\CORE\os_core.c">
      <Filter>Source files\UCOSII-CORE</Filter>
    </ClCompile>
    <ClCompile Include="..\..\..\..\UCOSII\CORE\os_flag.c">
      <Filter>Source files\UCOSII-CORE</Filter>
    </ClCompile>
    <ClCompile Include="..\..\..\..\UCOSII\CORE\os_mbox.c">
      <Filter>Source files\UCOSII-CORE</Filter>
    </ClCompile>
    <ClCompile Include="..\..\..\..\UCOSII\CORE\os_mem.c">
      <Filter>Source files\UCOSII-CORE</Filter>
    </ClCompile>
    <ClCompile Include="..\..\..\..\UCOSII\CORE\os_mutex.c">
      <Filter>Source files\UCOSII-CORE</Filter>
    </ClCompile>
    <ClCompile Include="..\..\..\..\UCOSII\CORE\os_q.c">
      <Filter>Source files\UCOSII-CORE</Filter>
    </ClCompile>
    <ClCompile Include="..\..\..\..\UCOSII\CORE\os_sem.c">
      <Filter>Source files\UCOSII-CORE</Filter>
    </ClCompile>
    <ClCompile Include="..\..\..\..\UCOSII\CORE\os_task.c">
      <Filter>Source files\UCOSII-CORE</Filter>
    </ClCompile>
    <ClCompile Include="..\..\..\..\UCOSII\CORE\os_time.c">
      <Filter>Source files\UCOSII-CORE</Filter>
    </ClCompile>
    <ClCompile Include="..\..\..\..\UCOSII\CORE\os_tmr.c">
      <Filter>Source files\UCOSII-CORE</Filter>
    </ClCompile>
    <ClCompile Include="..\..\..\..\UCOSII\PORT\os_cpu_c.c">
      <Filter>Source files\UCOSII-PORT</Filter>
    </ClCompile>
    <ClCompile Include="..\..\..\..\UCOSII\PORT\os_cpu_a.s">
      <Filter>Source files\UCOSII-PORT</Filter>
    </ClCompile>
    <ClCompile Include="..\..\..\..\AUDIOCODEC\mp3player.c">
      <Filter>Source files\AUDIOCODEC</Filter>
    </ClCompile>
    <ClCompile Include="..\..\..\..\NES\nes_apu.c">
      <Filter>Source files\NES</Filter>
    </ClCompile>
    <ClCompile Include="..\..\..\..\NES\nes_main.c">
      <Filter>Source files\NES</Filter>
    </ClCompile>
    <ClCompile Include="..\..\..\..\NES\nes_mapper.c">
      <Filter>Source files\NES</Filter>
    </ClCompile>
    <ClCompile Include="..\..\..\..\NES\nes_ppu.c">
      <Filter>Source files\NES</Filter>
    </ClCompile>
    <ClCompile Include="..\..\..\..\NES\6502.s">
      <Filter>Source files\NES</Filter>
    </ClCompile>
    <ClCompile Include="..\..\..\..\NES\nes_crc32.c">
      <Filter>Source files\NES</Filter>
    </ClCompile>
    <ClCompile Include="..\..\..\..\T9INPUT\pyinput.c">
      <Filter>Source files\T9INPUT</Filter>
    </ClCompile>
    <ClCompile Include="..\..\..\..\T9INPUT\t9input.c">
      <Filter>Source files\T9INPUT</Filter>
    </ClCompile>
    <ClCompile Include="..\..\..\..\ATKNCR\atk_ncr.c">
      <Filter>Source files\ATKNCR</Filter>
    </ClCompile>
    <Library Include="..\..\..\..\ATKNCR\ATKNCR_M_V2.0.lib">
      <Filter>Source files\ATKNCR</Filter>
    </Library>
    <ClCompile Include="..\..\..\..\USB\STM32_USB-FS-Device_Driver\src\usb_core.c">
      <Filter>Source files\USB_CORE</Filter>
    </ClCompile>
    <ClCompile Include="..\..\..\..\USB\STM32_USB-FS-Device_Driver\src\usb_init.c">
      <Filter>Source files\USB_CORE</Filter>
    </ClCompile>
    <ClCompile Include="..\..\..\..\USB\STM32_USB-FS-Device_Driver\src\usb_int.c">
      <Filter>Source files\USB_CORE</Filter>
    </ClCompile>
    <ClCompile Include="..\..\..\..\USB\STM32_USB-FS-Device_Driver\src\usb_mem.c">
      <Filter>Source files\USB_CORE</Filter>
    </ClCompile>
    <ClCompile Include="..\..\..\..\USB\STM32_USB-FS-Device_Driver\src\usb_regs.c">
      <Filter>Source files\USB_CORE</Filter>
    </ClCompile>
    <ClCompile Include="..\..\..\..\USB\STM32_USB-FS-Device_Driver\src\usb_sil.c">
      <Filter>Source files\USB_CORE</Filter>
    </ClCompile>
    <ClCompile Include="..\..\..\..\USB\CONFIG\hw_config.c">
      <Filter>Source files\USB_CONFIG</Filter>
    </ClCompile>
    <ClCompile Include="..\..\..\..\USB\CONFIG\mass_mal.c">
      <Filter>Source files\USB_CONFIG</Filter>
    </ClCompile>
    <ClCompile Include="..\..\..\..\USB\CONFIG\memory.c">
      <Filter>Source files\USB_CONFIG</Filter>
    </ClCompile>
    <ClCompile Include="..\..\..\..\USB\CONFIG\scsi_data.c">
      <Filter>Source files\USB_CONFIG</Filter>
    </ClCompile>
    <ClCompile Include="..\..\..\..\USB\CONFIG\usb_bot.c">
      <Filter>Source files\USB_CONFIG</Filter>
    </ClCompile>
    <ClCompile Include="..\..\..\..\USB\CONFIG\usb_desc.c">
      <Filter>Source files\USB_CONFIG</Filter>
    </ClCompile>
    <ClCompile Include="..\..\..\..\USB\CONFIG\usb_endp.c">
      <Filter>Source files\USB_CONFIG</Filter>
    </ClCompile>
    <ClCompile Include="..\..\..\..\USB\CONFIG\usb_istr.c">
      <Filter>Source files\USB_CONFIG</Filter>
    </ClCompile>
    <ClCompile Include="..\..\..\..\USB\CONFIG\usb_prop.c">
      <Filter>Source files\USB_CONFIG</Filter>
    </ClCompile>
    <ClCompile Include="..\..\..\..\USB\CONFIG\usb_pwr.c">
      <Filter>Source files\USB_CONFIG</Filter>
    </ClCompile>
    <ClCompile Include="..\..\..\..\USB\CONFIG\usb_scsi.c">
      <Filter>Source files\USB_CONFIG</Filter>
    </ClCompile>
    <ClCompile Include="..\..\..\..\LWIP\lwip_app\lwip_comm\lwip_comm.c">
      <Filter>Source files\LWIP_APP</Filter>
    </ClCompile>
    <ClCompile Include="..\..\..\..\LWIP\lwip_app\web_server_demo\fs.c">
      <Filter>Source files\LWIP_APP</Filter>
    </ClCompile>
    <ClCompile Include="..\..\..\..\LWIP\lwip_app\web_server_demo\httpd.c">
      <Filter>Source files\LWIP_APP</Filter>
    </ClCompile>
    <ClCompile Include="..\..\..\..\LWIP\lwip_app\web_server_demo\httpd_cgi_ssi.c">
      <Filter>Source files\LWIP_APP</Filter>
    </ClCompile>
    <ClCompile Include="..\..\..\..\LWIP\lwip-1.4.1\src\netif\etharp.c">
      <Filter>Source files\LWIP_NETIF</Filter>
    </ClCompile>
    <ClCompile Include="..\..\..\..\LWIP\lwip-1.4.1\src\netif\ethernetif.c">
      <Filter>Source files\LWIP_NETIF</Filter>
    </ClCompile>
    <ClCompile Include="..\..\..\..\LWIP\lwip-1.4.1\src\core\ipv4\autoip.c">
      <Filter>Source files\LWIP_CORE</Filter>
    </ClCompile>
    <ClCompile Include="..\..\..\..\LWIP\lwip-1.4.1\src\core\ipv4\icmp.c">
      <Filter>Source files\LWIP_CORE</Filter>
    </ClCompile>
    <ClCompile Include="..\..\..\..\LWIP\lwip-1.4.1\src\core\ipv4\igmp.c">
      <Filter>Source files\LWIP_CORE</Filter>
    </ClCompile>
    <ClCompile Include="..\..\..\..\LWIP\lwip-1.4.1\src\core\ipv4\inet.c">
      <Filter>Source files\LWIP_CORE</Filter>
    </ClCompile>
    <ClCompile Include="..\..\..\..\LWIP\lwip-1.4.1\src\core\ipv4\inet_chksum.c">
      <Filter>Source files\LWIP_CORE</Filter>
    </ClCompile>
    <ClCompile Include="..\..\..\..\LWIP\lwip-1.4.1\src\core\ipv4\ip.c">
      <Filter>Source files\LWIP_CORE</Filter>
    </ClCompile>
    <ClCompile Include="..\..\..\..\LWIP\lwip-1.4.1\src\core\ipv4\ip_addr.c">
      <Filter>Source files\LWIP_CORE</Filter>
    </ClCompile>
    <ClCompile Include="..\..\..\..\LWIP\lwip-1.4.1\src\core\ipv4\ip_frag.c">
      <Filter>Source files\LWIP_CORE</Filter>
    </ClCompile>
    <ClCompile Include="..\..\..\..\LWIP\lwip-1.4.1\src\core\def.c">
      <Filter>Source files\LWIP_CORE</Filter>
    </ClCompile>
    <ClCompile Include="..\..\..\..\LWIP\lwip-1.4.1\src\core\dhcp.c">
      <Filter>Source files\LWIP_CORE</Filter>
    </ClCompile>
    <ClCompile Include="..\..\..\..\LWIP\lwip-1.4.1\src\core\dns.c">
      <Filter>Source files\LWIP_CORE</Filter>
    </ClCompile>
    <ClCompile Include="..\..\..\..\LWIP\lwip-1.4.1\src\core\init.c">
      <Filter>Source files\LWIP_CORE</Filter>
    </ClCompile>
    <ClCompile Include="..\..\..\..\LWIP\lwip-1.4.1\src\core\mem.c">
      <Filter>Source files\LWIP_CORE</Filter>
    </ClCompile>
    <ClCompile Include="..\..\..\..\LWIP\lwip-1.4.1\src\core\memp.c">
      <Filter>Source files\LWIP_CORE</Filter>
    </ClCompile>
    <ClCompile Include="..\..\..\..\LWIP\lwip-1.4.1\src\core\netif.c">
      <Filter>Source files\LWIP_CORE</Filter>
    </ClCompile>
    <ClCompile Include="..\..\..\..\LWIP\lwip-1.4.1\src\core\pbuf.c">
      <Filter>Source files\LWIP_CORE</Filter>
    </ClCompile>
    <ClCompile Include="..\..\..\..\LWIP\lwip-1.4.1\src\core\raw.c">
      <Filter>Source files\LWIP_CORE</Filter>
    </ClCompile>
    <ClCompile Include="..\..\..\..\LWIP\lwip-1.4.1\src\core\stats.c">
      <Filter>Source files\LWIP_CORE</Filter>
    </ClCompile>
    <ClCompile Include="..\..\..\..\LWIP\lwip-1.4.1\src\core\tcp.c">
      <Filter>Source files\LWIP_CORE</Filter>
    </ClCompile>
    <ClCompile Include="..\..\..\..\LWIP\lwip-1.4.1\src\core\tcp_in.c">
      <Filter>Source files\LWIP_CORE</Filter>
    </ClCompile>
    <ClCompile Include="..\..\..\..\LWIP\lwip-1.4.1\src\core\tcp_out.c">
      <Filter>Source files\LWIP_CORE</Filter>
    </ClCompile>
    <ClCompile Include="..\..\..\..\LWIP\lwip-1.4.1\src\core\timers.c">
      <Filter>Source files\LWIP_CORE</Filter>
    </ClCompile>
    <ClCompile Include="..\..\..\..\LWIP\lwip-1.4.1\src\core\udp.c">
      <Filter>Source files\LWIP_CORE</Filter>
    </ClCompile>
    <ClCompile Include="..\..\..\..\LWIP\arch\sys_arch.c">
      <Filter>Source files\LWIP_ARCH</Filter>
    </ClCompile>
    <ClCompile Include="..\..\..\..\LWIP\lwip-1.4.1\src\api\api_lib.c">
      <Filter>Source files\LWIP_API</Filter>
    </ClCompile>
    <ClCompile Include="..\..\..\..\LWIP\lwip-1.4.1\src\api\api_msg.c">
      <Filter>Source files\LWIP_API</Filter>
    </ClCompile>
    <ClCompile Include="..\..\..\..\LWIP\lwip-1.4.1\src\api\err.c">
      <Filter>Source files\LWIP_API</Filter>
    </ClCompile>
    <ClCompile Include="..\..\..\..\LWIP\lwip-1.4.1\src\api\netbuf.c">
      <Filter>Source files\LWIP_API</Filter>
    </ClCompile>
    <ClCompile Include="..\..\..\..\LWIP\lwip-1.4.1\src\api\netdb.c">
      <Filter>Source files\LWIP_API</Filter>
    </ClCompile>
    <ClCompile Include="..\..\..\..\LWIP\lwip-1.4.1\src\api\netifapi.c">
      <Filter>Source files\LWIP_API</Filter>
    </ClCompile>
    <ClCompile Include="..\..\..\..\LWIP\lwip-1.4.1\src\api\sockets.c">
      <Filter>Source files\LWIP_API</Filter>
    </ClCompile>
    <ClCompile Include="..\..\..\..\LWIP\lwip-1.4.1\src\api\tcpip.c">
      <Filter>Source files\LWIP_API</Filter>
    </ClCompile>
    <None Include="mcu.props">
      <Filter>Source files\Device-specific files</Filter>
    </None>
    <ClInclude Include="..\..\..\..\UCOSII\PORT\os_cpu.h">
      <Filter>Header files\UCOSII-PORT</Filter>
    </ClInclude>
    <ClInclude Include="..\..\..\..\UCOSII\CONFIG\os_cfg.h">
      <Filter>Header files\UCOSII-CONFIG</Filter>
    </ClInclude>
    <ClInclude Include="..\..\..\..\UCOSII\CONFIG\includes.h">
      <Filter>Header files\UCOSII-CONFIG</Filter>
    </ClInclude>
    <None Include="..\..\..\..\README.TXT">
      <Filter>Header files\README</Filter>
    </None>
    <ClInclude Include="$(BSP_ROOT)\Device\Include\stm32f10x.h">
      <Filter>Header files\Device-specific files</Filter>
    </ClInclude>
    <None Include="F103BootRoutine-Debug.vgdbsettings">
      <Filter>VisualGDB settings</Filter>
    </None>
    <None Include="F103BootRoutine-Release.vgdbsettings">
      <Filter>VisualGDB settings</Filter>
    </None>
    <None Include="MCU.xml">
      <Filter>VisualGDB settings</Filter>
    </None>
    <ClCompile Include="..\..\..\..\USER\startup_stm32f10x_hd.s">
      <Filter>Source files\USER</Filter>
    </ClCompile>
  </ItemGroup>
</Project>