<?xml version="1.0" encoding="utf-8"?>
<Project ToolsVersion="4.0" xmlns="http://schemas.microsoft.com/developer/msbuild/2003">
  <ItemGroup>
    <Filter Include="Source files">
      <UniqueIdentifier>{6ac38c02-aa5a-4b42-be50-1011ef36ace8}</UniqueIdentifier>
      <Extensions>cpp;c;cc;cxx;def;odl;idl;hpj;bat;asm;asmx</Extensions>
    </Filter>
    <Filter Include="Header files">
      <UniqueIdentifier>{4f6b03cd-9964-4758-9427-e981777e08c9}</UniqueIdentifier>
      <Extensions>h;hpp;hxx;hm;inl;inc;xsd</Extensions>
    </Filter>
    <Filter Include="Resource files">
      <UniqueIdentifier>{3d2bada3-8637-4d84-bb00-3efeee7e578f}</UniqueIdentifier>
      <Extensions>rc;ico;cur;bmp;dlg;rc2;rct;bin;rgs;gif;jpg;jpeg;jpe;resx;tiff;tif;png;wav</Extensions>
    </Filter>
    <Filter Include="Source files\USER">
      <UniqueIdentifier>{13825dbf-b9f0-4b0c-8e87-82b573c50b5c}</UniqueIdentifier>
    </Filter>
    <Filter Include="Source files\SYSTEM">
      <UniqueIdentifier>{72e0c01f-7a49-42ad-b78a-2c9b630a7286}</UniqueIdentifier>
    </Filter>
    <Filter Include="Source files\CORE">
      <UniqueIdentifier>{03bfdc31-0962-4335-a2da-ac46a9064623}</UniqueIdentifier>
    </Filter>
    <Filter Include="Source files\FWLIB">
      <UniqueIdentifier>{cd331e82-994b-4d97-935f-c1dfa6f3b3da}</UniqueIdentifier>
    </Filter>
    <Filter Include="Source files\HARDWARE">
      <UniqueIdentifier>{85860a84-dd65-405a-ac7b-885a435f0c75}</UniqueIdentifier>
    </Filter>
    <Filter Include="Source files\USMART">
      <UniqueIdentifier>{2bdff383-6f11-4246-a948-277952c2d796}</UniqueIdentifier>
    </Filter>
    <Filter Include="Source files\MALLOC">
      <UniqueIdentifier>{d16801cb-2610-422a-88d7-251dc3449c28}</UniqueIdentifier>
    </Filter>
    <Filter Include="Source files\FATFS">
      <UniqueIdentifier>{0ec31554-16b1-48e3-8513-0d0ba58aba3f}</UniqueIdentifier>
    </Filter>
    <Filter Include="Source files\TEXT">
      <UniqueIdentifier>{fbff6ecc-6e4e-476f-a2d4-842bf1c47218}</UniqueIdentifier>
    </Filter>
    <Filter Include="Source files\PICTURE">
      <UniqueIdentifier>{e163971e-8cc3-4703-85cd-700160e3cca9}</UniqueIdentifier>
    </Filter>
    <Filter Include="Source files\APP">
      <UniqueIdentifier>{feaebcdd-5abe-41f1-b2cf-eab858d1e752}</UniqueIdentifier>
    </Filter>
    <Filter Include="Source files\GUI">
      <UniqueIdentifier>{0a44d8fe-a5e9-468c-a2ac-3016339f7a81}</UniqueIdentifier>
    </Filter>
    <Filter Include="Source files\UCOSII-CORE">
      <UniqueIdentifier>{e2556635-91d5-466f-88d8-2c60fdd6dbd4}</UniqueIdentifier>
    </Filter>
    <Filter Include="Source files\UCOSII-PORT">
      <UniqueIdentifier>{9dfd1812-ceec-49e5-9576-d35310aa29e6}</UniqueIdentifier>
    </Filter>
    <Filter Include="Source files\UCOSII-CONFIG">
      <UniqueIdentifier>{571aaad4-5538-4592-8f57-5257e93e36b6}</UniqueIdentifier>
    </Filter>
    <Filter Include="Source files\AUDIOCODEC">
      <UniqueIdentifier>{d3c3f29e-0af8-4a8e-9295-08c57e688bc8}</UniqueIdentifier>
    </Filter>
    <Filter Include="Source files\NES">
      <UniqueIdentifier>{ec185173-fa1d-4deb-8c73-2f418b0808fc}</UniqueIdentifier>
    </Filter>
    <Filter Include="Source files\T9INPUT">
      <UniqueIdentifier>{5e8818e9-70b6-4a5c-ab6d-030be99ddbd2}</UniqueIdentifier>
    </Filter>
    <Filter Include="Source files\ATKNCR">
      <UniqueIdentifier>{e1edc369-3038-4d79-8f2f-7378a8ddd8e5}</UniqueIdentifier>
    </Filter>
    <Filter Include="Source files\USB_CORE">
      <UniqueIdentifier>{6645ff46-c00e-4873-919c-3ed76422b335}</UniqueIdentifier>
    </Filter>
    <Filter Include="Source files\USB_CONFIG">
      <UniqueIdentifier>{d1b55d53-c4e0-449c-9558-9449aee3a35d}</UniqueIdentifier>
    </Filter>
    <Filter Include="Source files\LWIP_APP">
      <UniqueIdentifier>{65b99237-8ea4-4367-b79e-57f1077718e2}</UniqueIdentifier>
    </Filter>
    <Filter Include="Source files\LWIP_NETIF">
      <UniqueIdentifier>{99a06c37-6f94-4035-981d-c2f32d659def}</UniqueIdentifier>
    </Filter>
    <Filter Include="Source files\LWIP_CORE">
      <UniqueIdentifier>{f27d2069-3fa8-4a29-b13d-fa3e61b4af14}</UniqueIdentifier>
    </Filter>
    <Filter Include="Source files\LWIP_ARCH">
      <UniqueIdentifier>{18949d30-a29d-4dd3-b5b5-dbef32800193}</UniqueIdentifier>
    </Filter>
    <Filter Include="Source files\LWIP_API">
      <UniqueIdentifier>{dc70a798-32d7-4c84-861d-4cbf5baa973f}</UniqueIdentifier>
    </Filter>
    <Filter Include="Source files\README">
      <UniqueIdentifier>{db74a659-0e50-425d-96d2-79f3c1fa067f}</UniqueIdentifier>
    </Filter>
    <Filter Include="Source files\Device-specific files">
      <UniqueIdentifier>{11934185-fb86-4c07-b3fb-ee700e60d2f6}</UniqueIdentifier>
    </Filter>
    <Filter Include="Header files\USER">
      <UniqueIdentifier>{821014ba-5c71-4b2e-8f16-bca56459ea3c}</UniqueIdentifier>
    </Filter>
    <Filter Include="Header files\SYSTEM">
      <UniqueIdentifier>{b7173a2d-f264-4769-a736-f6e9ac84bf8c}</UniqueIdentifier>
    </Filter>
    <Filter Include="Header files\CORE">
      <UniqueIdentifier>{39954ea7-2369-458e-af66-237c39ed84c9}</UniqueIdentifier>
    </Filter>
    <Filter Include="Header files\FWLIB">
      <UniqueIdentifier>{bd11bbdf-1ad3-42e1-bda3-13efefeb0e04}</UniqueIdentifier>
    </Filter>
    <Filter Include="Header files\HARDWARE">
      <UniqueIdentifier>{c538b6d5-a26f-4103-a34f-469ad1f98457}</UniqueIdentifier>
    </Filter>
    <Filter Include="Header files\USMART">
      <UniqueIdentifier>{d6cd99ad-d9ae-4c65-b9c0-132c1458030a}</UniqueIdentifier>
    </Filter>
    <Filter Include="Header files\MALLOC">
      <UniqueIdentifier>{c81730e3-46a2-440e-902f-1b2f0efcfac6}</UniqueIdentifier>
    </Filter>
    <Filter Include="Header files\FATFS">
      <UniqueIdentifier>{064dec4a-dbe2-471a-982f-8dc8b7d3089b}</UniqueIdentifier>
    </Filter>
    <Filter Include="Header files\TEXT">
      <UniqueIdentifier>{9e2dc272-52da-4467-881f-49cfc3be7a25}</UniqueIdentifier>
    </Filter>
    <Filter Include="Header files\PICTURE">
      <UniqueIdentifier>{8e42cc1f-e479-4567-9257-18c1c8dcc74d}</UniqueIdentifier>
    </Filter>
    <Filter Include="Header files\APP">
      <UniqueIdentifier>{662ffe7b-1710-4464-a0db-89a2765960ed}</UniqueIdentifier>
    </Filter>
    <Filter Include="Header files\GUI">
      <UniqueIdentifier>{f72dead3-eaac-45e0-a10e-94fb0bcda27d}</UniqueIdentifier>
    </Filter>
    <Filter Include="Header files\UCOSII-CORE">
      <UniqueIdentifier>{881f5e09-923f-41a6-8927-1654e2f0d2e3}</UniqueIdentifier>
    </Filter>
    <Filter Include="Header files\UCOSII-PORT">
      <UniqueIdentifier>{726346a8-5996-4105-b3b7-ad404cb1a16a}</UniqueIdentifier>
    </Filter>
    <Filter Include="Header files\UCOSII-CONFIG">
      <UniqueIdentifier>{c858664f-d78c-4830-a11d-24fe715b1571}</UniqueIdentifier>
    </Filter>
    <Filter Include="Header files\AUDIOCODEC">
      <UniqueIdentifier>{8463b492-e798-49a7-b0e5-88d0cf561b49}</UniqueIdentifier>
    </Filter>
    <Filter Include="Header files\NES">
      <UniqueIdentifier>{7884ee5b-ca2b-4295-a235-fa1a00c0548e}</UniqueIdentifier>
    </Filter>
    <Filter Include="Header files\T9INPUT">
      <UniqueIdentifier>{efa5e0ac-8308-4666-8418-198b91136ab4}</UniqueIdentifier>
    </Filter>
    <Filter Include="Header files\ATKNCR">
      <UniqueIdentifier>{c139b13e-f6fd-4d35-8066-e119c2350f7e}</UniqueIdentifier>
    </Filter>
    <Filter Include="Header files\USB_CORE">
      <UniqueIdentifier>{ad63831c-646e-405b-82d5-7df0f8890846}</UniqueIdentifier>
    </Filter>
    <Filter Include="Header files\USB_CONFIG">
      <UniqueIdentifier>{504c33bb-a00c-4f82-b87e-ce949764c709}</UniqueIdentifier>
    </Filter>
    <Filter Include="Header files\LWIP_APP">
      <UniqueIdentifier>{9054fac4-bfe8-424e-896d-36a8c63b2f6f}</UniqueIdentifier>
    </Filter>
    <Filter Include="Header files\LWIP_NETIF">
      <UniqueIdentifier>{e1dc4e52-9604-4696-b4f4-c589ef833db3}</UniqueIdentifier>
    </Filter>
    <Filter Include="Header files\LWIP_CORE">
      <UniqueIdentifier>{eee6951c-037c-426d-9b88-6f601334604b}</UniqueIdentifier>
    </Filter>
    <Filter Include="Header files\LWIP_ARCH">
      <UniqueIdentifier>{f69332f6-0550-4477-8a7a-4b2f8badd9c9}</UniqueIdentifier>
    </Filter>
    <Filter Include="Header files\LWIP_API">
      <UniqueIdentifier>{d0c39b8e-4e46-470f-8b32-1e5d3a9f1c7a}</UniqueIdentifier>
    </Filter>
    <Filter Include="Header files\README">
      <UniqueIdentifier>{071be673-e710-4567-83b3-1ac6f51fcb22}</UniqueIdentifier>
    </Filter>
    <Filter Include="Header files\Device-specific files">
      <UniqueIdentifier>{5decfd17-6a9a-4cb4-bc0e-935cc7f2f0f1}</UniqueIdentifier>
    </Filter>
    <Filter Include="VisualGDB settings">
      <UniqueIdentifier>{401d0456-3f4e-4cfd-8d93-cca9ced58d4a}</UniqueIdentifier>
    </Filter>
  </ItemGroup>
  <ItemGroup>
    <ClCompile Include="..\..\..\..\USER\main.c">
      <Filter>Source files\USER</Filter>
    </ClCompile>
    <ClCompile Include="..\..\..\..\USER\system_stm32f10x.c">
      <Filter>Source files\USER</Filter>
    </ClCompile>
    <ClCompile Include="..\..\..\..\SYSTEM\delay\delay.c">
      <Filter>Source files\SYSTEM</Filter>
    </ClCompile>
    <ClCompile Include="..\..\..\..\SYSTEM\sys\sys.c">
      <Filter>Source files\SYSTEM</Filter>
    </ClCompile>
    <ClCompile Include="..\..\..\..\SYSTEM\usart\usart.c">
      <Filter>Source files\SYSTEM</Filter>
    </ClCompile>
    <ClCompile Include="..\..\..\..\CORE\core_cm3.c">
      <Filter>Source files\CORE</Filter>
    </ClCompile>
    <ClCompile Include="..\..\..\..\CORE\startup_stm32f10x_hd.s">
      <Filter>Source files\CORE</Filter>
    </ClCompile>
    <ClCompile Include="..\..\..\..\STM32F10x_FWLib\src\misc.c">
      <Filter>Source files\FWLIB</Filter>
    </ClCompile>
    <ClCompile Include="..\..\..\..\STM32F10x_FWLib\src\stm32f10x_adc.c">
      <Filter>Source files\FWLIB</Filter>
    </ClCompile>
    <ClCompile Include="..\..\..\..\STM32F10x_FWLib\src\stm32f10x_bkp.c">
      <Filter>Source files\FWLIB</Filter>
    </ClCompile>
    <ClCompile Include="..\..\..\..\STM32F10x_FWLib\src\stm32f10x_can.c">
      <Filter>Source files\FWLIB</Filter>
    </ClCompile>
    <ClCompile Include="..\..\..\..\STM32F10x_FWLib\src\stm32f10x_cec.c">
      <Filter>Source files\FWLIB</Filter>
    </ClCompile>
    <ClCompile Include="..\..\..\..\STM32F10x_FWLib\src\stm32f10x_crc.c">
      <Filter>Source files\FWLIB</Filter>
    </ClCompile>
    <ClCompile Include="..\..\..\..\STM32F10x_FWLib\src\stm32f10x_dac.c">
      <Filter>Source files\FWLIB</Filter>
    </ClCompile>
    <ClCompile Include="..\..\..\..\STM32F10x_FWLib\src\stm32f10x_dbgmcu.c">
      <Filter>Source files\FWLIB</Filter>
    </ClCompile>
    <ClCompile Include="..\..\..\..\STM32F10x_FWLib\src\stm32f10x_dma.c">
      <Filter>Source files\FWLIB</Filter>
    </ClCompile>
    <ClCompile Include="..\..\..\..\STM32F10x_FWLib\src\stm32f10x_exti.c">
      <Filter>Source files\FWLIB</Filter>
    </ClCompile>
    <ClCompile Include="..\..\..\..\STM32F10x_FWLib\src\stm32f10x_flash.c">
      <Filter>Source files\FWLIB</Filter>
    </ClCompile>
    <ClCompile Include="..\..\..\..\STM32F10x_FWLib\src\stm32f10x_fsmc.c">
      <Filter>Source files\FWLIB</Filter>
    </ClCompile>
    <ClCompile Include="..\..\..\..\STM32F10x_FWLib\src\stm32f10x_gpio.c">
      <Filter>Source files\FWLIB</Filter>
    </ClCompile>
    <ClCompile Include="..\..\..\..\STM32F10x_FWLib\src\stm32f10x_i2c.c">
      <Filter>Source files\FWLIB</Filter>
    </ClCompile>
    <ClCompile Include="..\..\..\..\STM32F10x_FWLib\src\stm32f10x_iwdg.c">
      <Filter>Source files\FWLIB</Filter>
    </ClCompile>
    <ClCompile Include="..\..\..\..\STM32F10x_FWLib\src\stm32f10x_pwr.c">
      <Filter>Source files\FWLIB</Filter>
    </ClCompile>
    <ClCompile Include="..\..\..\..\STM32F10x_FWLib\src\stm32f10x_rcc.c">
      <Filter>Source files\FWLIB</Filter>
    </ClCompile>
    <ClCompile Include="..\..\..\..\STM32F10x_FWLib\src\stm32f10x_rtc.c">
      <Filter>Source files\FWLIB</Filter>
    </ClCompile>
    <ClCompile Include="..\..\..\..\STM32F10x_FWLib\src\stm32f10x_sdio.c">
      <Filter>Source files\FWLIB</Filter>
    </ClCompile>
    <ClCompile Include="..\..\..\..\STM32F10x_FWLib\src\stm32f10x_spi.c">
      <Filter>Source files\FWLIB</Filter>
    </ClCompile>
    <ClCompile Include="..\..\..\..\STM32F10x_FWLib\src\stm32f10x_tim.c">
      <Filter>Source files\FWLIB</Filter>
    </ClCompile>
    <ClCompile Include="..\..\..\..\STM32F10x_FWLib\src\stm32f10x_usart.c">
      <Filter>Source files\FWLIB</Filter>
    </ClCompile>
    <ClCompile Include="..\..\..\..\STM32F10x_FWLib\src\stm32f10x_wwdg.c">
      <Filter>Source files\FWLIB</Filter>
    </ClCompile>
    <ClCompile Include="..\..\..\..\HARDWARE\LED\led.c">
      <Filter>Source files\HARDWARE</Filter>
    </ClCompile>
    <ClCompile Include="..\..\..\..\HARDWARE\KEY\key.c">
      <Filter>Source files\HARDWARE</Filter>
    </ClCompile>
    <ClCompile Include="..\..\..\..\HARDWARE\BEEP\beep.c">
      <Filter>Source files\HARDWARE</Filter>
    </ClCompile>
    <ClCompile Include="..\..\..\..\HARDWARE\LCD\lcd.c">
      <Filter>Source files\HARDWARE</Filter>
    </ClCompile>
    <ClCompile Include="..\..\..\..\HARDWARE\TPAD\tpad.c">
      <Filter>Source files\HARDWARE</Filter>
    </ClCompile>
    <ClCompile Include="..\..\..\..\HARDWARE\EXTI\exti.c">
      <Filter>Source files\HARDWARE</Filter>
    </ClCompile>
    <ClCompile Include="..\..\..\..\HARDWARE\SDIO\sdio_sdcard.c">
      <Filter>Source files\HARDWARE</Filter>
    </ClCompile>
    <ClCompile Include="..\..\..\..\HARDWARE\SPI\spi.c">
      <Filter>Source files\HARDWARE</Filter>
    </ClCompile>
    <ClCompile Include="..\..\..\..\HARDWARE\W25QXX\w25qxx.c">
      <Filter>Source files\HARDWARE</Filter>
    </ClCompile>
    <ClCompile Include="..\..\..\..\HARDWARE\VS10XX\vs10xx.c">
      <Filter>Source files\HARDWARE</Filter>
    </ClCompile>
    <ClCompile Include="..\..\..\..\HARDWARE\DS18B20\ds18b20.c">
      <Filter>Source files\HARDWARE</Filter>
    </ClCompile>
    <ClCompile Include="..\..\..\..\HARDWARE\JOYPAD\joypad.c">
      <Filter>Source files\HARDWARE</Filter>
    </ClCompile>
    <ClCompile Include="..\..\..\..\HARDWARE\LSENS\lsens.c">
      <Filter>Source files\HARDWARE</Filter>
    </ClCompile>
    <ClCompile Include="..\..\..\..\HARDWARE\SPBLCD\spblcd.c">
      <Filter>Source files\HARDWARE</Filter>
    </ClCompile>
    <ClCompile Include="..\..\..\..\HARDWARE\TIMER\timer.c">
      <Filter>Source files\HARDWARE</Filter>
    </ClCompile>
    <ClCompile Include="..\..\..\..\HARDWARE\ADC\adc.c">
      <Filter>Source files\HARDWARE</Filter>
    </ClCompile>
    <ClCompile Include="..\..\..\..\HARDWARE\TOUCH\ctiic.c">
      <Filter>Source files\HARDWARE</Filter>
    </ClCompile>
    <ClCompile Include="..\..\..\..\HARDWARE\TOUCH\ft5206.c">
      <Filter>Source files\HARDWARE</Filter>
    </ClCompile>
    <ClCompile Include="..\..\..\..\HARDWARE\TOUCH\gt9147.c">
      <Filter>Source files\HARDWARE</Filter>
    </ClCompile>
    <ClCompile Include="..\..\..\..\HARDWARE\TOUCH\ott2001a.c">
      <Filter>Source files\HARDWARE</Filter>
    </ClCompile>
    <ClCompile Include="..\..\..\..\HARDWARE\TOUCH\touch.c">
      <Filter>Source files\HARDWARE</Filter>
    </ClCompile>
    <ClCompile Include="..\..\..\..\HARDWARE\24CXX\24cxx.c">
      <Filter>Source files\HARDWARE</Filter>
    </ClCompile>
    <ClCompile Include="..\..\..\..\HARDWARE\24CXX\myiic.c">
      <Filter>Source files\HARDWARE</Filter>
    </ClCompile>
    <ClCompile Include="..\..\..\..\HARDWARE\SRAM\sram.c">
      <Filter>Source files\HARDWARE</Filter>
    </ClCompile>
    <ClCompile Include="..\..\..\..\HARDWARE\RTC\rtc.c">
      <Filter>Source files\HARDWARE</Filter>
    </ClCompile>
    <ClCompile Include="..\..\..\..\HARDWARE\OV7670\ov7670.c">
      <Filter>Source files\HARDWARE</Filter>
    </ClCompile>
    <ClCompile Include="..\..\..\..\HARDWARE\OV7670\sccb.c">
      <Filter>Source files\HARDWARE</Filter>
    </ClCompile>
    <ClCompile Include="..\..\..\..\HARDWARE\NRF24L01\24l01.c">
      <Filter>Source files\HARDWARE</Filter>
    </ClCompile>
    <ClCompile Include="..\..\..\..\HARDWARE\USART3\usart3.c">
      <Filter>Source files\HARDWARE</Filter>
    </ClCompile>
    <ClCompile Include="..\..\..\..\HARDWARE\SIM900A\sim900a.c">
      <Filter>Source files\HARDWARE</Filter>
    </ClCompile>
    <ClCompile Include="..\..\..\..\HARDWARE\REMOTE\remote.c">
      <Filter>Source files\HARDWARE</Filter>
    </ClCompile>
    <ClCompile Include="..\..\..\..\HARDWARE\MPU6050\mpu6050.c">
      <Filter>Source files\HARDWARE</Filter>
    </ClCompile>
    <ClCompile Include="..\..\..\..\HARDWARE\MPU6050\mpuiic.c">
      <Filter>Source files\HARDWARE</Filter>
    </ClCompile>
    <ClCompile Include="..\..\..\..\HARDWARE\MPU6050\eMPL\inv_mpu.c">
      <Filter>Source files\HARDWARE</Filter>
    </ClCompile>
    <ClCompile Include="..\..\..\..\HARDWARE\MPU6050\eMPL\inv_mpu_dmp_motion_driver.c">
      <Filter>Source files\HARDWARE</Filter>
    </ClCompile>
    <ClCompile Include="..\..\..\..\HARDWARE\DM9000\dm9000.c">
      <Filter>Source files\HARDWARE</Filter>
    </ClCompile>
    <ClCompile Include="..\..\..\..\USMART\usmart.c">
      <Filter>Source files\USMART</Filter>
    </ClCompile>
    <ClCompile Include="..\..\..\..\USMART\usmart_config.c">
      <Filter>Source files\USMART</Filter>
    </ClCompile>
    <ClCompile Include="..\..\..\..\USMART\usmart_str.c">
      <Filter>Source files\USMART</Filter>
    </ClCompile>
    <ClCompile Include="..\..\..\..\MALLOC\malloc.c">
      <Filter>Source files\MALLOC</Filter>
    </ClCompile>
    <ClCompile Include="..\..\..\..\FATFS\src\diskio.c">
      <Filter>Source files\FATFS</Filter>
    </ClCompile>
    <ClCompile Include="..\..\..\..\FATFS\src\ff.c">
      <Filter>Source files\FATFS</Filter>
    </ClCompile>
    <ClCompile Include="..\..\..\..\FATFS\exfuns\exfuns.c">
      <Filter>Source files\FATFS</Filter>
    </ClCompile>
    <ClCompile Include="..\..\..\..\FATFS\exfuns\fattester.c">
      <Filter>Source files\FATFS</Filter>
    </ClCompile>
    <ClCompile Include="..\..\..\..\FATFS\exfuns\mycc936.c">
      <Filter>Source files\FATFS</Filter>
    </ClCompile>
    <ClCompile Include="..\..\..\..\TEXT\fontupd.c">
      <Filter>Source files\TEXT</Filter>
    </ClCompile>
    <ClCompile Include="..\..\..\..\TEXT\text.c">
      <Filter>Source files\TEXT</Filter>
    </ClCompile>
    <ClCompile Include="..\..\..\..\PICTURE\bmp.c">
      <Filter>Source files\PICTURE</Filter>
    </ClCompile>
    <ClCompile Include="..\..\..\..\PICTURE\gif.c">
      <Filter>Source files\PICTURE</Filter>
    </ClCompile>
    <ClCompile Include="..\..\..\..\PICTURE\piclib.c">
      <Filter>Source files\PICTURE</Filter>
    </ClCompile>
    <ClCompile Include="..\..\..\..\PICTURE\tjpgd.c">
      <Filter>Source files\PICTURE</Filter>
    </ClCompile>
    <ClCompile Include="..\..\..\..\APP\common.c">
      <Filter>Source files\APP</Filter>
    </ClCompile>
    <ClCompile Include="..\..\..\..\APP\spb.c">
      <Filter>Source files\APP</Filter>
    </ClCompile>
    <ClCompile Include="..\..\..\..\APP\ebook.c">
      <Filter>Source files\APP</Filter>
    </ClCompile>
    <ClCompile Include="..\..\..\..\APP\picviewer.c">
      <Filter>Source files\APP</Filter>
    </ClCompile>
    <ClCompile Include="..\..\..\..\APP\audioplay.c">
      <Filter>Source files\APP</Filter>
    </ClCompile>
    <ClCompile Include="..\..\..\..\APP\lyric.c">
      <Filter>Source files\APP</Filter>
    </ClCompile>
    <ClCompile Include="..\..\..\..\APP\calendar.c">
      <Filter>Source files\APP</Filter>
    </ClCompile>
    <ClCompile Include="..\..\..\..\APP\settings.c">
      <Filter>Source files\APP</Filter>
    </ClCompile>
    <ClCompile Include="..\..\..\..\APP\nesplay.c">
      <Filter>Source files\APP</Filter>
    </ClCompile>
    <ClCompile Include="..\..\..\..\APP\notepad.c">
      <Filter>Source files\APP</Filter>
    </ClCompile>
    <ClCompile Include="..\..\..\..\APP\paint.c">
      <Filter>Source files\APP</Filter>
    </ClCompile>
    <ClCompile Include="..\..\..\..\APP\recorder.c">
      <Filter>Source files\APP</Filter>
    </ClCompile>
    <ClCompile Include="..\..\..\..\APP\tomcatplay.c">
      <Filter>Source files\APP</Filter>
    </ClCompile>
    <ClCompile Include="..\..\..\..\APP\exeplay.c">
      <Filter>Source files\APP</Filter>
    </ClCompile>
    <ClCompile Include="..\..\..\..\APP\camera.c">
      <Filter>Source files\APP</Filter>
    </ClCompile>
    <ClCompile Include="..\..\..\..\APP\usbplay.c">
      <Filter>Source files\APP</Filter>
    </ClCompile>
    <ClCompile Include="..\..\..\..\APP\netplay.c">
      <Filter>Source files\APP</Filter>
    </ClCompile>
    <ClCompile Include="..\..\..\..\APP\calculator.c">
      <Filter>Source files\APP</Filter>
    </ClCompile>
    <ClCompile Include="..\..\..\..\APP\wirelessplay.c">
      <Filter>Source files\APP</Filter>
    </ClCompile>
    <ClCompile Include="..\..\..\..\APP\phoneplay.c">
      <Filter>Source files\APP</Filter>
    </ClCompile>
    <ClCompile Include="..\..\..\..\APP\smsplay.c">
      <Filter>Source files\APP</Filter>
    </ClCompile>
    <ClCompile Include="..\..\..\..\APP\appplay.c">
      <Filter>Source files\APP</Filter>
    </ClCompile>
    <ClCompile Include="..\..\..\..\APP\appplay_remote.c">
      <Filter>Source files\APP</Filter>
    </ClCompile>
    <ClCompile Include="..\..\..\..\APP\appplay_gyro.c">
      <Filter>Source files\APP</Filter>
    </ClCompile>
    <ClCompile Include="..\..\..\..\GUI\button.c">
      <Filter>Source files\GUI</Filter>
    </ClCompile>
    <ClCompile Include="..\..\..\..\GUI\edit.c">
      <Filter>Source files\GUI</Filter>
    </ClCompile>
    <ClCompile Include="..\..\..\..\GUI\filelistbox.c">
      <Filter>Source files\GUI</Filter>
    </ClCompile>
    <ClCompile Include="..\..\..\..\GUI\gui.c">
      <Filter>Source files\GUI</Filter>
    </ClCompile>
    <ClCompile Include="..\..\..\..\GUI\listbox.c">
      <Filter>Source files\GUI</Filter>
    </ClCompile>
    <ClCompile Include="..\..\..\..\GUI\memo.c">
      <Filter>Source files\GUI</Filter>
    </ClCompile>
    <ClCompile Include="..\..\..\..\GUI\progressbar.c">
      <Filter>Source files\GUI</Filter>
    </ClCompile>
    <ClCompile Include="..\..\..\..\GUI\scrollbar.c">
      <Filter>Source files\GUI</Filter>
    </ClCompile>
    <ClCompile Include="..\..\..\..\GUI\window.c">
      <Filter>Source files\GUI</Filter>
    </ClCompile>
    <ClCompile Include="..\..\..\..\UCOSII\CORE\os_core.c">
      <Filter>Source files\UCOSII-CORE</Filter>
    </ClCompile>
    <ClCompile Include="..\..\..\..\UCOSII\CORE\os_flag.c">
      <Filter>Source files\UCOSII-CORE</Filter>
    </ClCompile>
    <ClCompile Include="..\..\..\..\UCOSII\CORE\os_mbox.c">
      <Filter>Source files\UCOSII-CORE</Filter>
    </ClCompile>
    <ClCompile Include="..\..\..\..\UCOSII\CORE\os_mem.c">
      <Filter>Source files\UCOSII-CORE</Filter>
    </ClCompile>
    <ClCompile Include="..\..\..\..\UCOSII\CORE\os_mutex.c">
      <Filter>Source files\UCOSII-CORE</Filter>
    </ClCompile>
    <ClCompile Include="..\..\..\..\UCOSII\CORE\os_q.c">
      <Filter>Source files\UCOSII-CORE</Filter>
    </ClCompile>
    <ClCompile Include="..\..\..\..\UCOSII\CORE\os_sem.c">
      <Filter>Source files\UCOSII-CORE</Filter>
    </ClCompile>
    <ClCompile Include="..\..\..\..\UCOSII\CORE\os_task.c">
      <Filter>Source files\UCOSII-CORE</Filter>
    </ClCompile>
    <ClCompile Include="..\..\..\..\UCOSII\CORE\os_time.c">
      <Filter>Source files\UCOSII-CORE</Filter>
    </ClCompile>
    <ClCompile Include="..\..\..\..\UCOSII\CORE\os_tmr.c">
      <Filter>Source files\UCOSII-CORE</Filter>
    </ClCompile>
    <ClCompile Include="..\..\..\..\UCOSII\PORT\os_cpu_c.c">
      <Filter>Source files\UCOSII-PORT</Filter>
    </ClCompile>
    <ClCompile Include="..\..\..\..\AUDIOCODEC\mp3player.c">
      <Filter>Source files\AUDIOCODEC</Filter>
    </ClCompile>
    <ClCompile Include="..\..\..\..\NES\nes_apu.c">
      <Filter>Source files\NES</Filter>
    </ClCompile>
    <ClCompile Include="..\..\..\..\NES\nes_main.c">
      <Filter>Source files\NES</Filter>
    </ClCompile>
    <ClCompile Include="..\..\..\..\NES\nes_mapper.c">
      <Filter>Source files\NES</Filter>
    </ClCompile>
    <ClCompile Include="..\..\..\..\NES\nes_ppu.c">
      <Filter>Source files\NES</Filter>
    </ClCompile>
    <ClCompile Include="..\..\..\..\NES\6502.s">
      <Filter>Source files\NES</Filter>
    </ClCompile>
    <ClCompile Include="..\..\..\..\NES\nes_crc32.c">
      <Filter>Source files\NES</Filter>
    </ClCompile>
    <ClCompile Include="..\..\..\..\T9INPUT\pyinput.c">
      <Filter>Source files\T9INPUT</Filter>
    </ClCompile>
    <ClCompile Include="..\..\..\..\T9INPUT\t9input.c">
      <Filter>Source files\T9INPUT</Filter>
    </ClCompile>
    <ClCompile Include="..\..\..\..\ATKNCR\atk_ncr.c">
      <Filter>Source files\ATKNCR</Filter>
    </ClCompile>
    <Library Include="..\..\..\..\ATKNCR\ATKNCR_M_V2.0.lib">
      <Filter>Source files\ATKNCR</Filter>
    </Library>
    <ClCompile Include="..\..\..\..\USB\STM32_USB-FS-Device_Driver\src\usb_core.c">
      <Filter>Source files\USB_CORE</Filter>
    </ClCompile>
    <ClCompile Include="..\..\..\..\USB\STM32_USB-FS-Device_Driver\src\usb_init.c">
      <Filter>Source files\USB_CORE</Filter>
    </ClCompile>
    <ClCompile Include="..\..\..\..\USB\STM32_USB-FS-Device_Driver\src\usb_int.c">
      <Filter>Source files\USB_CORE</Filter>
    </ClCompile>
    <ClCompile Include="..\..\..\..\USB\STM32_USB-FS-Device_Driver\src\usb_mem.c">
      <Filter>Source files\USB_CORE</Filter>
    </ClCompile>
    <ClCompile Include="..\..\..\..\USB\STM32_USB-FS-Device_Driver\src\usb_regs.c">
      <Filter>Source files\USB_CORE</Filter>
    </ClCompile>
    <ClCompile Include="..\..\..\..\USB\STM32_USB-FS-Device_Driver\src\usb_sil.c">
      <Filter>Source files\USB_CORE</Filter>
    </ClCompile>
    <ClCompile Include="..\..\..\..\USB\CONFIG\hw_config.c">
      <Filter>Source files\USB_CONFIG</Filter>
    </ClCompile>
    <ClCompile Include="..\..\..\..\USB\CONFIG\mass_mal.c">
      <Filter>Source files\USB_CONFIG</Filter>
    </ClCompile>
    <ClCompile Include="..\..\..\..\USB\CONFIG\memory.c">
      <Filter>Source files\USB_CONFIG</Filter>
    </ClCompile>
    <ClCompile Include="..\..\..\..\USB\CONFIG\scsi_data.c">
      <Filter>Source files\USB_CONFIG</Filter>
    </ClCompile>
    <ClCompile Include="..\..\..\..\USB\CONFIG\usb_bot.c">
      <Filter>Source files\USB_CONFIG</Filter>
    </ClCompile>
    <ClCompile Include="..\..\..\..\USB\CONFIG\usb_desc.c">
      <Filter>Source files\USB_CONFIG</Filter>
    </ClCompile>
    <ClCompile Include="..\..\..\..\USB\CONFIG\usb_endp.c">
      <Filter>Source files\USB_CONFIG</Filter>
    </ClCompile>
    <ClCompile Include="..\..\..\..\USB\CONFIG\usb_istr.c">
      <Filter>Source files\USB_CONFIG</Filter>
    </ClCompile>
    <ClCompile Include="..\..\..\..\USB\CONFIG\usb_prop.c">
      <Filter>Source files\USB_CONFIG</Filter>
    </ClCompile>
    <ClCompile Include="..\..\..\..\USB\CONFIG\usb_pwr.c">
      <Filter>Source files\USB_CONFIG</Filter>
    </ClCompile>
    <ClCompile Include="..\..\..\..\USB\CONFIG\usb_scsi.c">
      <Filter>Source files\USB_CONFIG</Filter>
    </ClCompile>
    <ClCompile Include="..\..\..\..\LWIP\lwip_app\lwip_comm\lwip_comm.c">
      <Filter>Source files\LWIP_APP</Filter>
    </ClCompile>
    <ClCompile Include="..\..\..\..\LWIP\lwip_app\web_server_demo\fs.c">
      <Filter>Source files\LWIP_APP</Filter>
    </ClCompile>
    <ClCompile Include="..\..\..\..\LWIP\lwip_app\web_server_demo\httpd.c">
      <Filter>Source files\LWIP_APP</Filter>
    </ClCompile>
    <ClCompile Include="..\..\..\..\LWIP\lwip_app\web_server_demo\httpd_cgi_ssi.c">
      <Filter>Source files\LWIP_APP</Filter>
    </ClCompile>
    <ClCompile Include="..\..\..\..\LWIP\lwip-1.4.1\src\netif\etharp.c">
      <Filter>Source files\LWIP_NETIF</Filter>
    </ClCompile>
    <ClCompile Include="..\..\..\..\LWIP\lwip-1.4.1\src\netif\ethernetif.c">
      <Filter>Source files\LWIP_NETIF</Filter>
    </ClCompile>
    <ClCompile Include="..\..\..\..\LWIP\lwip-1.4.1\src\core\ipv4\autoip.c">
      <Filter>Source files\LWIP_CORE</Filter>
    </ClCompile>
    <ClCompile Include="..\..\..\..\LWIP\lwip-1.4.1\src\core\ipv4\icmp.c">
      <Filter>Source files\LWIP_CORE</Filter>
    </ClCompile>
    <ClCompile Include="..\..\..\..\LWIP\lwip-1.4.1\src\core\ipv4\igmp.c">
      <Filter>Source files\LWIP_CORE</Filter>
    </ClCompile>
    <ClCompile Include="..\..\..\..\LWIP\lwip-1.4.1\src\core\ipv4\inet.c">
      <Filter>Source files\LWIP_CORE</Filter>
    </ClCompile>
    <ClCompile Include="..\..\..\..\LWIP\lwip-1.4.1\src\core\ipv4\inet_chksum.c">
      <Filter>Source files\LWIP_CORE</Filter>
    </ClCompile>
    <ClCompile Include="..\..\..\..\LWIP\lwip-1.4.1\src\core\ipv4\ip.c">
      <Filter>Source files\LWIP_CORE</Filter>
    </ClCompile>
    <ClCompile Include="..\..\..\..\LWIP\lwip-1.4.1\src\core\ipv4\ip_addr.c">
      <Filter>Source files\LWIP_CORE</Filter>
    </ClCompile>
    <ClCompile Include="..\..\..\..\LWIP\lwip-1.4.1\src\core\ipv4\ip_frag.c">
      <Filter>Source files\LWIP_CORE</Filter>
    </ClCompile>
    <ClCompile Include="..\..\..\..\LWIP\lwip-1.4.1\src\core\def.c">
      <Filter>Source files\LWIP_CORE</Filter>
    </ClCompile>
    <ClCompile Include="..\..\..\..\LWIP\lwip-1.4.1\src\core\dhcp.c">
      <Filter>Source files\LWIP_CORE</Filter>
    </ClCompile>
    <ClCompile Include="..\..\..\..\LWIP\lwip-1.4.1\src\core\dns.c">
      <Filter>Source files\LWIP_CORE</Filter>
    </ClCompile>
    <ClCompile Include="..\..\..\..\LWIP\lwip-1.4.1\src\core\init.c">
      <Filter>Source files\LWIP_CORE</Filter>
    </ClCompile>
    <ClCompile Include="..\..\..\..\LWIP\lwip-1.4.1\src\core\mem.c">
      <Filter>Source files\LWIP_CORE</Filter>
    </ClCompile>
    <ClCompile Include="..\..\..\..\LWIP\lwip-1.4.1\src\core\memp.c">
      <Filter>Source files\LWIP_CORE</Filter>
    </ClCompile>
    <ClCompile Include="..\..\..\..\LWIP\lwip-1.4.1\src\core\netif.c">
      <Filter>Source files\LWIP_CORE</Filter>
    </ClCompile>
    <ClCompile Include="..\..\..\..\LWIP\lwip-1.4.1\src\core\pbuf.c">
      <Filter>Source files\LWIP_CORE</Filter>
    </ClCompile>
    <ClCompile Include="..\..\..\..\LWIP\lwip-1.4.1\src\core\raw.c">
      <Filter>Source files\LWIP_CORE</Filter>
    </ClCompile>
    <ClCompile Include="..\..\..\..\LWIP\lwip-1.4.1\src\core\stats.c">
      <Filter>Source files\LWIP_CORE</Filter>
    </ClCompile>
    <ClCompile Include="..\..\..\..\LWIP\lwip-1.4.1\src\core\tcp.c">
      <Filter>Source files\LWIP_CORE</Filter>
    </ClCompile>
    <ClCompile Include="..\..\..\..\LWIP\lwip-1.4.1\src\core\tcp_in.c">
      <Filter>Source files\LWIP_CORE</Filter>
    </ClCompile>
    <ClCompile Include="..\..\..\..\LWIP\lwip-1.4.1\src\core\tcp_out.c">
      <Filter>Source files\LWIP_CORE</Filter>
    </ClCompile>
    <ClCompile Include="..\..\..\..\LWIP\lwip-1.4.1\src\core\timers.c">
      <Filter>Source files\LWIP_CORE</Filter>
    </ClCompile>
    <ClCompile Include="..\..\..\..\LWIP\lwip-1.4.1\src\core\udp.c">
      <Filter>Source files\LWIP_CORE</Filter>
    </ClCompile>
    <ClCompile Include="..\..\..\..\LWIP\arch\sys_arch.c">
      <Filter>Source files\LWIP_ARCH</Filter>
    </ClCompile>
    <ClCompile Include="..\..\..\..\LWIP\lwip-1.4.1\src\api\api_lib.c">
      <Filter>Source files\LWIP_API</Filter>
    </ClCompile>
    <ClCompile Include="..\..\..\..\LWIP\lwip-1.4.1\src\api\api_msg.c">
      <Filter>Source files\LWIP_API</Filter>
    </ClCompile>
    <ClCompile Include="..\..\..\..\LWIP\lwip-1.4.1\src\api\err.c">
      <Filter>Source files\LWIP_API</Filter>
    </ClCompile>
    <ClCompile Include="..\..\..\..\LWIP\lwip-1.4.1\src\api\netbuf.c">
      <Filter>Source files\LWIP_API</Filter>
    </ClCompile>
    <ClCompile Include="..\..\..\..\LWIP\lwip-1.4.1\src\api\netdb.c">
      <Filter>Source files\LWIP_API</Filter>
    </ClCompile>
    <ClCompile Include="..\..\..\..\LWIP\lwip-1.4.1\src\api\netifapi.c">
      <Filter>Source files\LWIP_API</Filter>
    </ClCompile>
    <ClCompile Include="..\..\..\..\LWIP\lwip-1.4.1\src\api\sockets.c">
      <Filter>Source files\LWIP_API</Filter>
    </ClCompile>
    <ClCompile Include="..\..\..\..\LWIP\lwip-1.4.1\src\api\tcpip.c">
      <Filter>Source files\LWIP_API</Filter>
    </ClCompile>
    <None Include="mcu.props">
      <Filter>Source files\Device-specific files</Filter>
    </None>
    <ClInclude Include="..\..\..\..\UCOSII\PORT\os_cpu.h">
      <Filter>Header files\UCOSII-PORT</Filter>
    </ClInclude>
    <ClInclude Include="..\..\..\..\UCOSII\CONFIG\os_cfg.h">
      <Filter>Header files\UCOSII-CONFIG</Filter>
    </ClInclude>
    <ClInclude Include="..\..\..\..\UCOSII\CONFIG\includes.h">
      <Filter>Header files\UCOSII-CONFIG</Filter>
    </ClInclude>
    <None Include="..\..\..\..\README.TXT">
      <Filter>Header files\README</Filter>
    </None>
    <ClInclude Include="$(BSP_ROOT)\Device\Include\stm32f10x.h">
      <Filter>Header files\Device-specific files</Filter>
    </ClInclude>
    <None Include="F103BootRoutine-Debug.vgdbsettings">
      <Filter>VisualGDB settings</Filter>
    </None>
    <None Include="F103BootRoutine-Release.vgdbsettings">
      <Filter>VisualGDB settings</Filter>
    </None>
    <None Include="MCU.xml">
      <Filter>VisualGDB settings</Filter>
    </None>
    <ClCompile Include="..\..\..\..\UCOSII\PORT\os_cpu_a.s">
      <Filter>Source files\UCOSII-PORT</Filter>
    </ClCompile>
  </ItemGroup>
</Project>